
Microsoft Visual Studio Solution File, Format Version 12.00
# Visual Studio Version 17
VisualStudioVersion = 17.13.35931.197 d17.13
MinimumVisualStudioVersion = 10.0.40219.1
Project("{FAE04EC0-301F-11D3-BF4B-00C04F79EFBC}") = "SurveyApp", "SurveyApp\SurveyApp.csproj", "{9212600D-66C0-4B50-BD4D-4A6C193AC4BA}"
EndProject
Global
	GlobalSection(SolutionConfigurationPlatforms) = preSolution
		Debug|Any CPU = Debug|Any CPU
		Release|Any CPU = Release|Any CPU
	EndGlobalSection
	GlobalSection(ProjectConfigurationPlatforms) = postSolution
		{9212600D-66C0-4B50-BD4D-4A6C193AC4BA}.Debug|Any CPU.ActiveCfg = Debug|Any CPU
		{9212600D-66C0-4B50-BD4D-4A6C193AC4BA}.Debug|Any CPU.Build.0 = Debug|Any CPU
		{9212600D-66C0-4B50-BD4D-4A6C193AC4BA}.Release|Any CPU.ActiveCfg = Release|Any CPU
		{9212600D-66C0-4B50-BD4D-4A6C193AC4BA}.Release|Any CPU.Build.0 = Release|Any CPU
	EndGlobalSection
	GlobalSection(SolutionProperties) = preSolution
		HideSolutionNode = FALSE
	EndGlobalSection
	GlobalSection(ExtensibilityGlobals) = postSolution
		SolutionGuid = {066899C6-18B9-47A0-9299-D7ED1B31364F}
	EndGlobalSection
EndGlobal
